
Microsoft Visual Studio Solution File, Format Version 12.00
# Visual Studio Version 16
VisualStudioVersion = 16.0.31105.61
MinimumVisualStudioVersion = 10.0.40219.1
Project("{FAE04EC0-301F-11D3-BF4B-00C04F79EFBC}") = "RestriCovidAPI", "RestriCovidAPI\RestriCovidAPI.csproj", "{AE736D38-2BAF-4E24-9006-D5FC3A1C7F6A}"
EndProject
Project("{FAE04EC0-301F-11D3-BF4B-00C04F79EFBC}") = "RestriCovidData", "RestriCovidData\RestriCovidData.csproj", "{70C56FB7-9EB7-4832-A29A-4653B57133A8}"
EndProject
Project("{FAE04EC0-301F-11D3-BF4B-00C04F79EFBC}") = "RestriCovidBL", "RestriCovidBL\RestriCovidBL.csproj", "{4D21724C-07AC-4A3C-AA6C-BFA9C98A8417}"
EndProject
Global
	GlobalSection(SolutionConfigurationPlatforms) = preSolution
		Debug|Any CPU = Debug|Any CPU
		Release|Any CPU = Release|Any CPU
	EndGlobalSection
	GlobalSection(ProjectConfigurationPlatforms) = postSolution
		{AE736D38-2BAF-4E24-9006-D5FC3A1C7F6A}.Debug|Any CPU.ActiveCfg = Debug|Any CPU
		{AE736D38-2BAF-4E24-9006-D5FC3A1C7F6A}.Debug|Any CPU.Build.0 = Debug|Any CPU
		{AE736D38-2BAF-4E24-9006-D5FC3A1C7F6A}.Release|Any CPU.ActiveCfg = Release|Any CPU
		{AE736D38-2BAF-4E24-9006-D5FC3A1C7F6A}.Release|Any CPU.Build.0 = Release|Any CPU
		{70C56FB7-9EB7-4832-A29A-4653B57133A8}.Debug|Any CPU.ActiveCfg = Debug|Any CPU
		{70C56FB7-9EB7-4832-A29A-4653B57133A8}.Debug|Any CPU.Build.0 = Debug|Any CPU
		{70C56FB7-9EB7-4832-A29A-4653B57133A8}.Release|Any CPU.ActiveCfg = Release|Any CPU
		{70C56FB7-9EB7-4832-A29A-4653B57133A8}.Release|Any CPU.Build.0 = Release|Any CPU
		{4D21724C-07AC-4A3C-AA6C-BFA9C98A8417}.Debug|Any CPU.ActiveCfg = Debug|Any CPU
		{4D21724C-07AC-4A3C-AA6C-BFA9C98A8417}.Debug|Any CPU.Build.0 = Debug|Any CPU
		{4D21724C-07AC-4A3C-AA6C-BFA9C98A8417}.Release|Any CPU.ActiveCfg = Release|Any CPU
		{4D21724C-07AC-4A3C-AA6C-BFA9C98A8417}.Release|Any CPU.Build.0 = Release|Any CPU
	EndGlobalSection
	GlobalSection(SolutionProperties) = preSolution
		HideSolutionNode = FALSE
	EndGlobalSection
	GlobalSection(ExtensibilityGlobals) = postSolution
		SolutionGuid = {AC9DE7C1-A9AE-403D-B00B-4F8C140A3044}
	EndGlobalSection
EndGlobal
